
Microsoft Visual Studio Solution File, Format Version 12.00
Project("{FAE04EC0-301F-11D3-BF4B-00C04F79EFBC}") = "CodeFly", "CodeFly\CodeFly.csproj", "{637CA718-C234-429A-BAEE-5142FA7B6586}"
EndProject
Project("{FAE04EC0-301F-11D3-BF4B-00C04F79EFBC}") = "DataAccess", "DataAccess\DataAccess.csproj", "{D9983A79-037E-422F-83E1-111E2FFD4D7A}"
EndProject
Global
	GlobalSection(SolutionConfigurationPlatforms) = preSolution
		Debug|Any CPU = Debug|Any CPU
		Release|Any CPU = Release|Any CPU
	EndGlobalSection
	GlobalSection(ProjectConfigurationPlatforms) = postSolution
		{637CA718-C234-429A-BAEE-5142FA7B6586}.Debug|Any CPU.ActiveCfg = Debug|Any CPU
		{637CA718-C234-429A-BAEE-5142FA7B6586}.Debug|Any CPU.Build.0 = Debug|Any CPU
		{637CA718-C234-429A-BAEE-5142FA7B6586}.Release|Any CPU.ActiveCfg = Release|Any CPU
		{637CA718-C234-429A-BAEE-5142FA7B6586}.Release|Any CPU.Build.0 = Release|Any CPU
		{D9983A79-037E-422F-83E1-111E2FFD4D7A}.Debug|Any CPU.ActiveCfg = Debug|Any CPU
		{D9983A79-037E-422F-83E1-111E2FFD4D7A}.Debug|Any CPU.Build.0 = Debug|Any CPU
		{D9983A79-037E-422F-83E1-111E2FFD4D7A}.Release|Any CPU.ActiveCfg = Release|Any CPU
		{D9983A79-037E-422F-83E1-111E2FFD4D7A}.Release|Any CPU.Build.0 = Release|Any CPU
	EndGlobalSection
EndGlobal
